
Microsoft Visual Studio Solution File, Format Version 12.00
# Visual Studio 15
Project("{FAE04EC0-301F-11D3-BF4B-00C04F79EFBC}") = "demo-crawler-api", "demo-crawler-api\demo-crawler-api.csproj", "{F42F9370-DD96-4169-A7A8-FE4D24BA5D69}"
EndProject
Project("{E53339B2-1760-4266-BCC7-CA923CBCF16C}") = "docker-compose", "docker-compose.dcproj", "{420B33ED-B657-45BD-BA54-354EA3392C90}"
EndProject
Project("{FAE04EC0-301F-11D3-BF4B-00C04F79EFBC}") = "demo-crawler-integration-test", "demo-crawler-integration-test\demo-crawler-integration-test.csproj", "{FF614EEA-0067-43FF-A15F-6DCF16EFF71F}"
EndProject
Project("{FAE04EC0-301F-11D3-BF4B-00C04F79EFBC}") = "demo-crawler-api-unit-test", "demo-crawler-api-unit-test\demo-crawler-api-unit-test.csproj", "{6A0B4C28-4823-4D95-B86F-9A2CD2574F61}"
EndProject
Global
	GlobalSection(SolutionConfigurationPlatforms) = preSolution
		Debug|Any CPU = Debug|Any CPU
		Release|Any CPU = Release|Any CPU
	EndGlobalSection
	GlobalSection(ProjectConfigurationPlatforms) = postSolution
		{F42F9370-DD96-4169-A7A8-FE4D24BA5D69}.Debug|Any CPU.ActiveCfg = Debug|Any CPU
		{F42F9370-DD96-4169-A7A8-FE4D24BA5D69}.Debug|Any CPU.Build.0 = Debug|Any CPU
		{F42F9370-DD96-4169-A7A8-FE4D24BA5D69}.Release|Any CPU.ActiveCfg = Release|Any CPU
		{F42F9370-DD96-4169-A7A8-FE4D24BA5D69}.Release|Any CPU.Build.0 = Release|Any CPU
		{420B33ED-B657-45BD-BA54-354EA3392C90}.Debug|Any CPU.ActiveCfg = Debug|Any CPU
		{420B33ED-B657-45BD-BA54-354EA3392C90}.Debug|Any CPU.Build.0 = Debug|Any CPU
		{420B33ED-B657-45BD-BA54-354EA3392C90}.Release|Any CPU.ActiveCfg = Release|Any CPU
		{420B33ED-B657-45BD-BA54-354EA3392C90}.Release|Any CPU.Build.0 = Release|Any CPU
		{FF614EEA-0067-43FF-A15F-6DCF16EFF71F}.Debug|Any CPU.ActiveCfg = Debug|Any CPU
		{FF614EEA-0067-43FF-A15F-6DCF16EFF71F}.Debug|Any CPU.Build.0 = Debug|Any CPU
		{FF614EEA-0067-43FF-A15F-6DCF16EFF71F}.Release|Any CPU.ActiveCfg = Release|Any CPU
		{FF614EEA-0067-43FF-A15F-6DCF16EFF71F}.Release|Any CPU.Build.0 = Release|Any CPU
		{6A0B4C28-4823-4D95-B86F-9A2CD2574F61}.Debug|Any CPU.ActiveCfg = Debug|Any CPU
		{6A0B4C28-4823-4D95-B86F-9A2CD2574F61}.Debug|Any CPU.Build.0 = Debug|Any CPU
		{6A0B4C28-4823-4D95-B86F-9A2CD2574F61}.Release|Any CPU.ActiveCfg = Release|Any CPU
		{6A0B4C28-4823-4D95-B86F-9A2CD2574F61}.Release|Any CPU.Build.0 = Release|Any CPU
	EndGlobalSection
EndGlobal
